// !$*UTF8*$!
{
	archiveVersion = 1;
	classes = {
	};
	objectVersion = 46;
	objects = {

/* Begin PBXBuildFile section */
		E49FE64C1AA724DD00DC47F0 /* SGiT_PoppingAnimationViewHelper.h in Headers */ = {isa = PBXBuildFile; fileRef = E49FE64B1AA724DD00DC47F0 /* SGiT_PoppingAnimationViewHelper.h */; settings = {ATTRIBUTES = (Public, ); }; };
		E49FE66C1AA7252100DC47F0 /* PoppingAnimatedViewHelper.swift in Sources */ = {isa = PBXBuildFile; fileRef = E49FE66B1AA7252100DC47F0 /* PoppingAnimatedViewHelper.swift */; };
		E49FE6761AA7259F00DC47F0 /* AppDelegate.swift in Sources */ = {isa = PBXBuildFile; fileRef = E49FE6751AA7259F00DC47F0 /* AppDelegate.swift */; };
		E49FE6781AA7259F00DC47F0 /* ViewController.swift in Sources */ = {isa = PBXBuildFile; fileRef = E49FE6771AA7259F00DC47F0 /* ViewController.swift */; };
		E49FE67B1AA7259F00DC47F0 /* Main.storyboard in Resources */ = {isa = PBXBuildFile; fileRef = E49FE6791AA7259F00DC47F0 /* Main.storyboard */; };
		E49FE67D1AA7259F00DC47F0 /* Images.xcassets in Resources */ = {isa = PBXBuildFile; fileRef = E49FE67C1AA7259F00DC47F0 /* Images.xcassets */; };
		E49FE6801AA7259F00DC47F0 /* LaunchScreen.xib in Resources */ = {isa = PBXBuildFile; fileRef = E49FE67E1AA7259F00DC47F0 /* LaunchScreen.xib */; };
		E49FE6931AA725D100DC47F0 /* SGiT_PoppingAnimationViewHelper.framework in Frameworks */ = {isa = PBXBuildFile; fileRef = E49FE6461AA724DD00DC47F0 /* SGiT_PoppingAnimationViewHelper.framework */; };
		E49FE6941AA725D100DC47F0 /* SGiT_PoppingAnimationViewHelper.framework in Embed Frameworks */ = {isa = PBXBuildFile; fileRef = E49FE6461AA724DD00DC47F0 /* SGiT_PoppingAnimationViewHelper.framework */; settings = {ATTRIBUTES = (CodeSignOnCopy, RemoveHeadersOnCopy, ); }; };
		E49FE6A21AA7C5F900DC47F0 /* QuartzCore.framework in Frameworks */ = {isa = PBXBuildFile; fileRef = E49FE6A11AA7C5F900DC47F0 /* QuartzCore.framework */; };
/* End PBXBuildFile section */

/* Begin PBXContainerItemProxy section */
		E49FE6951AA725D100DC47F0 /* PBXContainerItemProxy */ = {
			isa = PBXContainerItemProxy;
			containerPortal = E49FE63D1AA724DD00DC47F0 /* Project object */;
			proxyType = 1;
			remoteGlobalIDString = E49FE6451AA724DD00DC47F0;
			remoteInfo = SGiT_PoppingAnimationViewHelper;
		};
/* End PBXContainerItemProxy section */

/* Begin PBXCopyFilesBuildPhase section */
		E49FE6971AA725D100DC47F0 /* Embed Frameworks */ = {
			isa = PBXCopyFilesBuildPhase;
			buildActionMask = 2147483647;
			dstPath = "";
			dstSubfolderSpec = 10;
			files = (
				E49FE6941AA725D100DC47F0 /* SGiT_PoppingAnimationViewHelper.framework in Embed Frameworks */,
			);
			name = "Embed Frameworks";
			runOnlyForDeploymentPostprocessing = 0;
		};
/* End PBXCopyFilesBuildPhase section */

/* Begin PBXFileReference section */
		E49FE6461AA724DD00DC47F0 /* SGiT_PoppingAnimationViewHelper.framework */ = {isa = PBXFileReference; explicitFileType = wrapper.framework; includeInIndex = 0; path = SGiT_PoppingAnimationViewHelper.framework; sourceTree = BUILT_PRODUCTS_DIR; };
		E49FE64A1AA724DD00DC47F0 /* Info.plist */ = {isa = PBXFileReference; lastKnownFileType = text.plist.xml; path = Info.plist; sourceTree = "<group>"; };
		E49FE64B1AA724DD00DC47F0 /* SGiT_PoppingAnimationViewHelper.h */ = {isa = PBXFileReference; lastKnownFileType = sourcecode.c.h; path = SGiT_PoppingAnimationViewHelper.h; sourceTree = "<group>"; };
		E49FE66B1AA7252100DC47F0 /* PoppingAnimatedViewHelper.swift */ = {isa = PBXFileReference; fileEncoding = 4; lastKnownFileType = sourcecode.swift; path = PoppingAnimatedViewHelper.swift; sourceTree = "<group>"; };
		E49FE6711AA7259F00DC47F0 /* PoppingDemo.app */ = {isa = PBXFileReference; explicitFileType = wrapper.application; includeInIndex = 0; path = PoppingDemo.app; sourceTree = BUILT_PRODUCTS_DIR; };
		E49FE6741AA7259F00DC47F0 /* Info.plist */ = {isa = PBXFileReference; lastKnownFileType = text.plist.xml; path = Info.plist; sourceTree = "<group>"; };
		E49FE6751AA7259F00DC47F0 /* AppDelegate.swift */ = {isa = PBXFileReference; lastKnownFileType = sourcecode.swift; path = AppDelegate.swift; sourceTree = "<group>"; };
		E49FE6771AA7259F00DC47F0 /* ViewController.swift */ = {isa = PBXFileReference; lastKnownFileType = sourcecode.swift; path = ViewController.swift; sourceTree = "<group>"; };
		E49FE67A1AA7259F00DC47F0 /* Base */ = {isa = PBXFileReference; lastKnownFileType = file.storyboard; name = Base; path = Base.lproj/Main.storyboard; sourceTree = "<group>"; };
		E49FE67C1AA7259F00DC47F0 /* Images.xcassets */ = {isa = PBXFileReference; lastKnownFileType = folder.assetcatalog; path = Images.xcassets; sourceTree = "<group>"; };
		E49FE67F1AA7259F00DC47F0 /* Base */ = {isa = PBXFileReference; lastKnownFileType = file.xib; name = Base; path = Base.lproj/LaunchScreen.xib; sourceTree = "<group>"; };
		E49FE6A01AA7986200DC47F0 /* README.md */ = {isa = PBXFileReference; lastKnownFileType = net.daringfireball.markdown; path = README.md; sourceTree = "<group>"; };
		E49FE6A11AA7C5F900DC47F0 /* QuartzCore.framework */ = {isa = PBXFileReference; lastKnownFileType = wrapper.framework; name = QuartzCore.framework; path = System/Library/Frameworks/QuartzCore.framework; sourceTree = SDKROOT; };
/* End PBXFileReference section */

/* Begin PBXFrameworksBuildPhase section */
		E49FE6421AA724DD00DC47F0 /* Frameworks */ = {
			isa = PBXFrameworksBuildPhase;
			buildActionMask = 2147483647;
			files = (
			);
			runOnlyForDeploymentPostprocessing = 0;
		};
		E49FE66E1AA7259F00DC47F0 /* Frameworks */ = {
			isa = PBXFrameworksBuildPhase;
			buildActionMask = 2147483647;
			files = (
				E49FE6A21AA7C5F900DC47F0 /* QuartzCore.framework in Frameworks */,
				E49FE6931AA725D100DC47F0 /* SGiT_PoppingAnimationViewHelper.framework in Frameworks */,
			);
			runOnlyForDeploymentPostprocessing = 0;
		};
/* End PBXFrameworksBuildPhase section */

/* Begin PBXGroup section */
		E49FE63C1AA724DD00DC47F0 = {
			isa = PBXGroup;
			children = (
				E49FE6A11AA7C5F900DC47F0 /* QuartzCore.framework */,
				E49FE6A01AA7986200DC47F0 /* README.md */,
				E49FE6481AA724DD00DC47F0 /* SGiT_PoppingAnimationViewHelper */,
				E49FE6721AA7259F00DC47F0 /* PoppingDemo */,
				E49FE6471AA724DD00DC47F0 /* Products */,
			);
			sourceTree = "<group>";
		};
		E49FE6471AA724DD00DC47F0 /* Products */ = {
			isa = PBXGroup;
			children = (
				E49FE6461AA724DD00DC47F0 /* SGiT_PoppingAnimationViewHelper.framework */,
				E49FE6711AA7259F00DC47F0 /* PoppingDemo.app */,
			);
			name = Products;
			sourceTree = "<group>";
		};
		E49FE6481AA724DD00DC47F0 /* SGiT_PoppingAnimationViewHelper */ = {
			isa = PBXGroup;
			children = (
				E49FE64B1AA724DD00DC47F0 /* SGiT_PoppingAnimationViewHelper.h */,
				E49FE66B1AA7252100DC47F0 /* PoppingAnimatedViewHelper.swift */,
				E49FE6491AA724DD00DC47F0 /* Supporting Files */,
			);
			path = SGiT_PoppingAnimationViewHelper;
			sourceTree = "<group>";
		};
		E49FE6491AA724DD00DC47F0 /* Supporting Files */ = {
			isa = PBXGroup;
			children = (
				E49FE64A1AA724DD00DC47F0 /* Info.plist */,
			);
			name = "Supporting Files";
			sourceTree = "<group>";
		};
		E49FE6721AA7259F00DC47F0 /* PoppingDemo */ = {
			isa = PBXGroup;
			children = (
				E49FE6751AA7259F00DC47F0 /* AppDelegate.swift */,
				E49FE6771AA7259F00DC47F0 /* ViewController.swift */,
				E49FE6791AA7259F00DC47F0 /* Main.storyboard */,
				E49FE67C1AA7259F00DC47F0 /* Images.xcassets */,
				E49FE67E1AA7259F00DC47F0 /* LaunchScreen.xib */,
				E49FE6731AA7259F00DC47F0 /* Supporting Files */,
			);
			path = PoppingDemo;
			sourceTree = "<group>";
		};
		E49FE6731AA7259F00DC47F0 /* Supporting Files */ = {
			isa = PBXGroup;
			children = (
				E49FE6741AA7259F00DC47F0 /* Info.plist */,
			);
			name = "Supporting Files";
			sourceTree = "<group>";
		};
/* End PBXGroup section */

/* Begin PBXHeadersBuildPhase section */
		E49FE6431AA724DD00DC47F0 /* Headers */ = {
			isa = PBXHeadersBuildPhase;
			buildActionMask = 2147483647;
			files = (
				E49FE64C1AA724DD00DC47F0 /* SGiT_PoppingAnimationViewHelper.h in Headers */,
			);
			runOnlyForDeploymentPostprocessing = 0;
		};
/* End PBXHeadersBuildPhase section */

/* Begin PBXNativeTarget section */
		E49FE6451AA724DD00DC47F0 /* SGiT_PoppingAnimationViewHelper */ = {
			isa = PBXNativeTarget;
			buildConfigurationList = E49FE65C1AA724DD00DC47F0 /* Build configuration list for PBXNativeTarget "SGiT_PoppingAnimationViewHelper" */;
			buildPhases = (
				E49FE6411AA724DD00DC47F0 /* Sources */,
				E49FE6421AA724DD00DC47F0 /* Frameworks */,
				E49FE6431AA724DD00DC47F0 /* Headers */,
				E49FE6441AA724DD00DC47F0 /* Resources */,
			);
			buildRules = (
			);
			dependencies = (
			);
			name = SGiT_PoppingAnimationViewHelper;
			productName = SGiT_PoppingAnimationViewHelper;
			productReference = E49FE6461AA724DD00DC47F0 /* SGiT_PoppingAnimationViewHelper.framework */;
			productType = "com.apple.product-type.framework";
		};
		E49FE6701AA7259F00DC47F0 /* PoppingDemo */ = {
			isa = PBXNativeTarget;
			buildConfigurationList = E49FE68D1AA7259F00DC47F0 /* Build configuration list for PBXNativeTarget "PoppingDemo" */;
			buildPhases = (
				E49FE66D1AA7259F00DC47F0 /* Sources */,
				E49FE66E1AA7259F00DC47F0 /* Frameworks */,
				E49FE66F1AA7259F00DC47F0 /* Resources */,
				E49FE6971AA725D100DC47F0 /* Embed Frameworks */,
			);
			buildRules = (
			);
			dependencies = (
				E49FE6961AA725D100DC47F0 /* PBXTargetDependency */,
			);
			name = PoppingDemo;
			productName = PoppingDemo;
			productReference = E49FE6711AA7259F00DC47F0 /* PoppingDemo.app */;
			productType = "com.apple.product-type.application";
		};
/* End PBXNativeTarget section */

/* Begin PBXProject section */
		E49FE63D1AA724DD00DC47F0 /* Project object */ = {
			isa = PBXProject;
			attributes = {
				LastUpgradeCheck = 0610;
				ORGANIZATIONNAME = "S.G. inTech";
				TargetAttributes = {
					E49FE6451AA724DD00DC47F0 = {
						CreatedOnToolsVersion = 6.1.1;
					};
					E49FE6701AA7259F00DC47F0 = {
						CreatedOnToolsVersion = 6.1.1;
					};
				};
			};
			buildConfigurationList = E49FE6401AA724DD00DC47F0 /* Build configuration list for PBXProject "SGiT_PoppingAnimationViewHelper" */;
			compatibilityVersion = "Xcode 3.2";
			developmentRegion = English;
			hasScannedForEncodings = 0;
			knownRegions = (
				en,
				Base,
			);
			mainGroup = E49FE63C1AA724DD00DC47F0;
			productRefGroup = E49FE6471AA724DD00DC47F0 /* Products */;
			projectDirPath = "";
			projectRoot = "";
			targets = (
				E49FE6451AA724DD00DC47F0 /* SGiT_PoppingAnimationViewHelper */,
				E49FE6701AA7259F00DC47F0 /* PoppingDemo */,
			);
		};
/* End PBXProject section */

/* Begin PBXResourcesBuildPhase section */
		E49FE6441AA724DD00DC47F0 /* Resources */ = {
			isa = PBXResourcesBuildPhase;
			buildActionMask = 2147483647;
			files = (
			);
			runOnlyForDeploymentPostprocessing = 0;
		};
		E49FE66F1AA7259F00DC47F0 /* Resources */ = {
			isa = PBXResourcesBuildPhase;
			buildActionMask = 2147483647;
			files = (
				E49FE67B1AA7259F00DC47F0 /* Main.storyboard in Resources */,
				E49FE6801AA7259F00DC47F0 /* LaunchScreen.xib in Resources */,
				E49FE67D1AA7259F00DC47F0 /* Images.xcassets in Resources */,
			);
			runOnlyForDeploymentPostprocessing = 0;
		};
/* End PBXResourcesBuildPhase section */

/* Begin PBXSourcesBuildPhase section */
		E49FE6411AA724DD00DC47F0 /* Sources */ = {
			isa = PBXSourcesBuildPhase;
			buildActionMask = 2147483647;
			files = (
				E49FE66C1AA7252100DC47F0 /* PoppingAnimatedViewHelper.swift in Sources */,
			);
			runOnlyForDeploymentPostprocessing = 0;
		};
		E49FE66D1AA7259F00DC47F0 /* Sources */ = {
			isa = PBXSourcesBuildPhase;
			buildActionMask = 2147483647;
			files = (
				E49FE6781AA7259F00DC47F0 /* ViewController.swift in Sources */,
				E49FE6761AA7259F00DC47F0 /* AppDelegate.swift in Sources */,
			);
			runOnlyForDeploymentPostprocessing = 0;
		};
/* End PBXSourcesBuildPhase section */

/* Begin PBXTargetDependency section */
		E49FE6961AA725D100DC47F0 /* PBXTargetDependency */ = {
			isa = PBXTargetDependency;
			target = E49FE6451AA724DD00DC47F0 /* SGiT_PoppingAnimationViewHelper */;
			targetProxy = E49FE6951AA725D100DC47F0 /* PBXContainerItemProxy */;
		};
/* End PBXTargetDependency section */

/* Begin PBXVariantGroup section */
		E49FE6791AA7259F00DC47F0 /* Main.storyboard */ = {
			isa = PBXVariantGroup;
			children = (
				E49FE67A1AA7259F00DC47F0 /* Base */,
			);
			name = Main.storyboard;
			sourceTree = "<group>";
		};
		E49FE67E1AA7259F00DC47F0 /* LaunchScreen.xib */ = {
			isa = PBXVariantGroup;
			children = (
				E49FE67F1AA7259F00DC47F0 /* Base */,
			);
			name = LaunchScreen.xib;
			sourceTree = "<group>";
		};
/* End PBXVariantGroup section */

/* Begin XCBuildConfiguration section */
		E49FE65A1AA724DD00DC47F0 /* Debug */ = {
			isa = XCBuildConfiguration;
			buildSettings = {
				ALWAYS_SEARCH_USER_PATHS = NO;
				CLANG_CXX_LANGUAGE_STANDARD = "gnu++0x";
				CLANG_CXX_LIBRARY = "libc++";
				CLANG_ENABLE_MODULES = YES;
				CLANG_ENABLE_OBJC_ARC = YES;
				CLANG_WARN_BOOL_CONVERSION = YES;
				CLANG_WARN_CONSTANT_CONVERSION = YES;
				CLANG_WARN_DIRECT_OBJC_ISA_USAGE = YES_ERROR;
				CLANG_WARN_EMPTY_BODY = YES;
				CLANG_WARN_ENUM_CONVERSION = YES;
				CLANG_WARN_INT_CONVERSION = YES;
				CLANG_WARN_OBJC_ROOT_CLASS = YES_ERROR;
				CLANG_WARN_UNREACHABLE_CODE = YES;
				CLANG_WARN__DUPLICATE_METHOD_MATCH = YES;
				CODE_SIGN_IDENTITY = "iPhone Developer";
				"CODE_SIGN_IDENTITY[sdk=iphoneos*]" = "iPhone Developer";
				COPY_PHASE_STRIP = NO;
				CURRENT_PROJECT_VERSION = 1;
				ENABLE_STRICT_OBJC_MSGSEND = YES;
				GCC_C_LANGUAGE_STANDARD = gnu99;
				GCC_DYNAMIC_NO_PIC = NO;
				GCC_OPTIMIZATION_LEVEL = 0;
				GCC_PREPROCESSOR_DEFINITIONS = (
					"DEBUG=1",
					"$(inherited)",
				);
				GCC_SYMBOLS_PRIVATE_EXTERN = NO;
				GCC_WARN_64_TO_32_BIT_CONVERSION = YES;
				GCC_WARN_ABOUT_RETURN_TYPE = YES_ERROR;
				GCC_WARN_UNDECLARED_SELECTOR = YES;
				GCC_WARN_UNINITIALIZED_AUTOS = YES_AGGRESSIVE;
				GCC_WARN_UNUSED_FUNCTION = YES;
				GCC_WARN_UNUSED_VARIABLE = YES;
				IPHONEOS_DEPLOYMENT_TARGET = 8.0;
				MTL_ENABLE_DEBUG_INFO = YES;
				ONLY_ACTIVE_ARCH = YES;
				SDKROOT = iphoneos;
				SWIFT_OPTIMIZATION_LEVEL = "-Onone";
				TARGETED_DEVICE_FAMILY = "1,2";
				VERSIONING_SYSTEM = "apple-generic";
				VERSION_INFO_PREFIX = "";
			};
			name = Debug;
		};
		E49FE65B1AA724DD00DC47F0 /* Release */ = {
			isa = XCBuildConfiguration;
			buildSettings = {
				ALWAYS_SEARCH_USER_PATHS = NO;
				CLANG_CXX_LANGUAGE_STANDARD = "gnu++0x";
				CLANG_CXX_LIBRARY = "libc++";
				CLANG_ENABLE_MODULES = YES;
				CLANG_ENABLE_OBJC_ARC = YES;
				CLANG_WARN_BOOL_CONVERSION = YES;
				CLANG_WARN_CONSTANT_CONVERSION = YES;
				CLANG_WARN_DIRECT_OBJC_ISA_USAGE = YES_ERROR;
				CLANG_WARN_EMPTY_BODY = YES;
				CLANG_WARN_ENUM_CONVERSION = YES;
				CLANG_WARN_INT_CONVERSION = YES;
				CLANG_WARN_OBJC_ROOT_CLASS = YES_ERROR;
				CLANG_WARN_UNREACHABLE_CODE = YES;
				CLANG_WARN__DUPLICATE_METHOD_MATCH = YES;
				CODE_SIGN_IDENTITY = "iPhone Distribution";
				"CODE_SIGN_IDENTITY[sdk=iphoneos*]" = "iPhone Distribution";
				COPY_PHASE_STRIP = YES;
				CURRENT_PROJECT_VERSION = 1;
				ENABLE_NS_ASSERTIONS = NO;
				ENABLE_STRICT_OBJC_MSGSEND = YES;
				GCC_C_LANGUAGE_STANDARD = gnu99;
				GCC_WARN_64_TO_32_BIT_CONVERSION = YES;
				GCC_WARN_ABOUT_RETURN_TYPE = YES_ERROR;
				GCC_WARN_UNDECLARED_SELECTOR = YES;
				GCC_WARN_UNINITIALIZED_AUTOS = YES_AGGRESSIVE;
				GCC_WARN_UNUSED_FUNCTION = YES;
				GCC_WARN_UNUSED_VARIABLE = YES;
				IPHONEOS_DEPLOYMENT_TARGET = 8.0;
				MTL_ENABLE_DEBUG_INFO = NO;
				SDKROOT = iphoneos;
				TARGETED_DEVICE_FAMILY = "1,2";
				VALIDATE_PRODUCT = YES;
				VERSIONING_SYSTEM = "apple-generic";
				VERSION_INFO_PREFIX = "";
			};
			name = Release;
		};
		E49FE65D1AA724DD00DC47F0 /* Debug */ = {
			isa = XCBuildConfiguration;
			buildSettings = {
				DEFINES_MODULE = YES;
				DYLIB_COMPATIBILITY_VERSION = 1;
				DYLIB_CURRENT_VERSION = 1;
				DYLIB_INSTALL_NAME_BASE = "@rpath";
				INFOPLIST_FILE = SGiT_PoppingAnimationViewHelper/Info.plist;
				INSTALL_PATH = "$(LOCAL_LIBRARY_DIR)/Frameworks";
				LD_RUNPATH_SEARCH_PATHS = "$(inherited) @executable_path/Frameworks @loader_path/Frameworks";
				PRODUCT_NAME = "$(TARGET_NAME)";
				SKIP_INSTALL = YES;
			};
			name = Debug;
		};
		E49FE65E1AA724DD00DC47F0 /* Release */ = {
			isa = XCBuildConfiguration;
			buildSettings = {
				DEFINES_MODULE = YES;
				DYLIB_COMPATIBILITY_VERSION = 1;
				DYLIB_CURRENT_VERSION = 1;
				DYLIB_INSTALL_NAME_BASE = "@rpath";
				INFOPLIST_FILE = SGiT_PoppingAnimationViewHelper/Info.plist;
				INSTALL_PATH = "$(LOCAL_LIBRARY_DIR)/Frameworks";
				LD_RUNPATH_SEARCH_PATHS = "$(inherited) @executable_path/Frameworks @loader_path/Frameworks";
				PRODUCT_NAME = "$(TARGET_NAME)";
				SKIP_INSTALL = YES;
			};
			name = Release;
		};
		E49FE68E1AA7259F00DC47F0 /* Debug */ = {
			isa = XCBuildConfiguration;
			buildSettings = {
				ASSETCATALOG_COMPILER_APPICON_NAME = AppIcon;
				EMBEDDED_CONTENT_CONTAINS_SWIFT = YES;
				GCC_PREPROCESSOR_DEFINITIONS = (
					"DEBUG=1",
					"$(inherited)",
				);
				INFOPLIST_FILE = PoppingDemo/Info.plist;
				IPHONEOS_DEPLOYMENT_TARGET = 8.1;
				LD_RUNPATH_SEARCH_PATHS = "$(inherited) @executable_path/Frameworks";
				PRODUCT_NAME = "$(TARGET_NAME)";
			};
			name = Debug;
		};
		E49FE68F1AA7259F00DC47F0 /* Release */ = {
			isa = XCBuildConfiguration;
			buildSettings = {
				ASSETCATALOG_COMPILER_APPICON_NAME = AppIcon;
				EMBEDDED_CONTENT_CONTAINS_SWIFT = YES;
				INFOPLIST_FILE = PoppingDemo/Info.plist;
				IPHONEOS_DEPLOYMENT_TARGET = 8.1;
				LD_RUNPATH_SEARCH_PATHS = "$(inherited) @executable_path/Frameworks";
				PRODUCT_NAME = "$(TARGET_NAME)";
			};
			name = Release;
		};
/* End XCBuildConfiguration section */

/* Begin XCConfigurationList section */
		E49FE6401AA724DD00DC47F0 /* Build configuration list for PBXProject "SGiT_PoppingAnimationViewHelper" */ = {
			isa = XCConfigurationList;
			buildConfigurations = (
				E49FE65A1AA724DD00DC47F0 /* Debug */,
				E49FE65B1AA724DD00DC47F0 /* Release */,
			);
			defaultConfigurationIsVisible = 0;
			defaultConfigurationName = Release;
		};
		E49FE65C1AA724DD00DC47F0 /* Build configuration list for PBXNativeTarget "SGiT_PoppingAnimationViewHelper" */ = {
			isa = XCConfigurationList;
			buildConfigurations = (
				E49FE65D1AA724DD00DC47F0 /* Debug */,
				E49FE65E1AA724DD00DC47F0 /* Release */,
			);
			defaultConfigurationIsVisible = 0;
			defaultConfigurationName = Release;
		};
		E49FE68D1AA7259F00DC47F0 /* Build configuration list for PBXNativeTarget "PoppingDemo" */ = {
			isa = XCConfigurationList;
			buildConfigurations = (
				E49FE68E1AA7259F00DC47F0 /* Debug */,
				E49FE68F1AA7259F00DC47F0 /* Release */,
			);
			defaultConfigurationIsVisible = 0;
			defaultConfigurationName = Release;
		};
/* End XCConfigurationList section */
	};
	rootObject = E49FE63D1AA724DD00DC47F0 /* Project object */;
}
